
Microsoft Visual Studio Solution File, Format Version 12.00
# Visual Studio Version 16
VisualStudioVersion = 16.0.30907.101
MinimumVisualStudioVersion = 10.0.40219.1
Project("{FAE04EC0-301F-11D3-BF4B-00C04F79EFBC}") = "On-Plane-Components", "On-Plane-Components.csproj", "{318F2B7A-CC1D-4CDB-A842-C5E8A3F95B16}"
EndProject
Global
	GlobalSection(SolutionConfigurationPlatforms) = preSolution
		Debug|Any CPU = Debug|Any CPU
		Release|Any CPU = Release|Any CPU
	EndGlobalSection
	GlobalSection(ProjectConfigurationPlatforms) = postSolution
		{318F2B7A-CC1D-4CDB-A842-C5E8A3F95B16}.Debug|Any CPU.ActiveCfg = Debug|Any CPU
		{318F2B7A-CC1D-4CDB-A842-C5E8A3F95B16}.Debug|Any CPU.Build.0 = Debug|Any CPU
		{318F2B7A-CC1D-4CDB-A842-C5E8A3F95B16}.Release|Any CPU.ActiveCfg = Release|Any CPU
		{318F2B7A-CC1D-4CDB-A842-C5E8A3F95B16}.Release|Any CPU.Build.0 = Release|Any CPU
	EndGlobalSection
	GlobalSection(SolutionProperties) = preSolution
		HideSolutionNode = FALSE
	EndGlobalSection
	GlobalSection(ExtensibilityGlobals) = postSolution
		SolutionGuid = {C61FF64D-B092-4246-A037-CEE5E3D64E3E}
	EndGlobalSection
EndGlobal
